version: 6
environments:
  default:
    channels:
    - url: https://conda.anaconda.org/conda-forge/
    - url: https://conda.anaconda.org/bioconda/
    indexes:
    - https://pypi.org/simple
    options:
      pypi-prerelease-mode: if-necessary-or-explicit
    packages:
      linux-64:
      - conda: https://conda.anaconda.org/conda-forge/linux-64/_libgcc_mutex-0.1-conda_forge.tar.bz2
      - conda: https://conda.anaconda.org/conda-forge/linux-64/_openmp_mutex-4.5-2_gnu.tar.bz2
      - conda: https://conda.anaconda.org/conda-forge/linux-64/bzip2-1.0.8-hda65f42_8.conda
      - conda: https://conda.anaconda.org/conda-forge/linux-64/c-ares-1.34.6-hb03c661_0.conda
      - conda: https://conda.anaconda.org/conda-forge/noarch/ca-certificates-2026.1.4-hbd8a1cb_0.conda
      - conda: https://conda.anaconda.org/conda-forge/linux-64/icu-78.2-h33c6efd_0.conda
      - conda: https://conda.anaconda.org/conda-forge/linux-64/keyutils-1.6.3-hb9d3cd8_0.conda
      - conda: https://conda.anaconda.org/conda-forge/linux-64/krb5-1.21.3-h659f571_0.conda
      - conda: https://conda.anaconda.org/conda-forge/linux-64/ld_impl_linux-64-2.45-default_hbd61a6d_105.conda
      - conda: https://conda.anaconda.org/conda-forge/linux-64/libblas-3.11.0-5_h4a7cf45_openblas.conda
      - conda: https://conda.anaconda.org/conda-forge/linux-64/libcblas-3.11.0-5_h0358290_openblas.conda
      - conda: https://conda.anaconda.org/conda-forge/linux-64/libcurl-8.18.0-h4e3cde8_0.conda
      - conda: https://conda.anaconda.org/conda-forge/linux-64/libdeflate-1.25-h17f619e_0.conda
      - conda: https://conda.anaconda.org/conda-forge/linux-64/libedit-3.1.20250104-pl5321h7949ede_0.conda
      - conda: https://conda.anaconda.org/conda-forge/linux-64/libev-4.33-hd590300_2.conda
      - conda: https://conda.anaconda.org/conda-forge/linux-64/libexpat-2.7.3-hecca717_0.conda
      - conda: https://conda.anaconda.org/conda-forge/linux-64/libffi-3.5.2-h3435931_0.conda
      - conda: https://conda.anaconda.org/conda-forge/linux-64/libgcc-15.2.0-he0feb66_16.conda
      - conda: https://conda.anaconda.org/conda-forge/linux-64/libgcc-ng-15.2.0-h69a702a_16.conda
      - conda: https://conda.anaconda.org/conda-forge/linux-64/libgfortran-15.2.0-h69a702a_16.conda
      - conda: https://conda.anaconda.org/conda-forge/linux-64/libgfortran5-15.2.0-h68bc16d_16.conda
      - conda: https://conda.anaconda.org/conda-forge/linux-64/libgomp-15.2.0-he0feb66_16.conda
      - conda: https://conda.anaconda.org/conda-forge/linux-64/liblapack-3.11.0-5_h47877c9_openblas.conda
      - conda: https://conda.anaconda.org/conda-forge/linux-64/liblzma-5.8.2-hb03c661_0.conda
      - conda: https://conda.anaconda.org/conda-forge/linux-64/libmpdec-4.0.0-hb03c661_1.conda
      - conda: https://conda.anaconda.org/conda-forge/linux-64/libnghttp2-1.67.0-had1ee68_0.conda
      - conda: https://conda.anaconda.org/conda-forge/linux-64/libopenblas-0.3.30-pthreads_h94d23a6_4.conda
      - conda: https://conda.anaconda.org/conda-forge/linux-64/libsqlite-3.51.2-hf4e2dac_0.conda
      - conda: https://conda.anaconda.org/conda-forge/linux-64/libssh2-1.11.1-hcf80075_0.conda
      - conda: https://conda.anaconda.org/conda-forge/linux-64/libstdcxx-15.2.0-h934c35e_16.conda
      - conda: https://conda.anaconda.org/conda-forge/linux-64/libstdcxx-ng-15.2.0-hdf11a46_16.conda
      - conda: https://conda.anaconda.org/conda-forge/linux-64/libuuid-2.41.3-h5347b49_0.conda
      - conda: https://conda.anaconda.org/conda-forge/linux-64/libzlib-1.3.1-hb9d3cd8_2.conda
      - conda: https://conda.anaconda.org/conda-forge/linux-64/llvmlite-0.46.0-py313hdd307be_0.conda
      - conda: https://conda.anaconda.org/conda-forge/linux-64/ncurses-6.5-h2d0b736_3.conda
      - conda: https://conda.anaconda.org/conda-forge/linux-64/numba-0.63.1-py313h5dce7c4_0.conda
      - conda: https://conda.anaconda.org/conda-forge/linux-64/numpy-2.3.5-py313hf6604e3_1.conda
      - conda: https://conda.anaconda.org/conda-forge/linux-64/openssl-3.6.1-h35e630c_1.conda
      - conda: https://conda.anaconda.org/conda-forge/linux-64/pandas-3.0.0-py313hbfd7664_0.conda
      - conda: https://conda.anaconda.org/bioconda/linux-64/pysam-0.23.3-py313h7c062c9_1.tar.bz2
      - conda: https://conda.anaconda.org/conda-forge/linux-64/python-3.13.11-hc97d973_101_cp313.conda
      - conda: https://conda.anaconda.org/conda-forge/noarch/python-dateutil-2.9.0.post0-pyhe01879c_2.conda
      - conda: https://conda.anaconda.org/conda-forge/noarch/python_abi-3.13-8_cp313.conda
      - conda: https://conda.anaconda.org/conda-forge/linux-64/readline-8.3-h853b02a_0.conda
      - conda: https://conda.anaconda.org/conda-forge/linux-64/scipy-1.17.0-py313h4b8bb8b_1.conda
      - conda: https://conda.anaconda.org/conda-forge/noarch/six-1.17.0-pyhe01879c_1.conda
      - conda: https://conda.anaconda.org/conda-forge/linux-64/tk-8.6.13-noxft_h366c992_103.conda
      - conda: https://conda.anaconda.org/conda-forge/noarch/tzdata-2025c-hc9c84f9_1.conda
      - conda: https://conda.anaconda.org/conda-forge/linux-64/zstd-1.5.7-hb78ec9c_6.conda
      - pypi: ./
      osx-64:
      - conda: https://conda.anaconda.org/conda-forge/osx-64/_openmp_mutex-4.5-7_kmp_llvm.conda
      - conda: https://conda.anaconda.org/conda-forge/osx-64/bzip2-1.0.8-h500dc9f_8.conda
      - conda: https://conda.anaconda.org/conda-forge/osx-64/c-ares-1.34.6-hb5e19a0_0.conda
      - conda: https://conda.anaconda.org/conda-forge/noarch/ca-certificates-2026.1.4-hbd8a1cb_0.conda
      - conda: https://conda.anaconda.org/conda-forge/osx-64/krb5-1.21.3-h37d8d59_0.conda
      - conda: https://conda.anaconda.org/conda-forge/osx-64/libblas-3.11.0-5_he492b99_openblas.conda
      - conda: https://conda.anaconda.org/conda-forge/osx-64/libcblas-3.11.0-5_h9b27e0a_openblas.conda
      - conda: https://conda.anaconda.org/conda-forge/osx-64/libcurl-8.18.0-h9348e2b_0.conda
      - conda: https://conda.anaconda.org/conda-forge/osx-64/libcxx-21.1.8-h3d58e20_1.conda
      - conda: https://conda.anaconda.org/conda-forge/osx-64/libdeflate-1.25-h517ebb2_0.conda
      - conda: https://conda.anaconda.org/conda-forge/osx-64/libedit-3.1.20250104-pl5321ha958ccf_0.conda
      - conda: https://conda.anaconda.org/conda-forge/osx-64/libev-4.33-h10d778d_2.conda
      - conda: https://conda.anaconda.org/conda-forge/osx-64/libexpat-2.7.3-heffb93a_0.conda
      - conda: https://conda.anaconda.org/conda-forge/osx-64/libffi-3.5.2-hd1f9c09_0.conda
      - conda: https://conda.anaconda.org/conda-forge/osx-64/libgcc-15.2.0-h08519bb_15.conda
      - conda: https://conda.anaconda.org/conda-forge/osx-64/libgfortran-15.2.0-h7e5c614_15.conda
      - conda: https://conda.anaconda.org/conda-forge/osx-64/libgfortran5-15.2.0-hd16e46c_15.conda
      - conda: https://conda.anaconda.org/conda-forge/osx-64/liblapack-3.11.0-5_h859234e_openblas.conda
      - conda: https://conda.anaconda.org/conda-forge/osx-64/liblzma-5.8.2-h11316ed_0.conda
      - conda: https://conda.anaconda.org/conda-forge/osx-64/libmpdec-4.0.0-hf3981d6_1.conda
      - conda: https://conda.anaconda.org/conda-forge/osx-64/libnghttp2-1.67.0-h3338091_0.conda
      - conda: https://conda.anaconda.org/conda-forge/osx-64/libopenblas-0.3.30-openmp_h6006d49_4.conda
      - conda: https://conda.anaconda.org/conda-forge/osx-64/libsqlite-3.51.2-hb99441e_0.conda
      - conda: https://conda.anaconda.org/conda-forge/osx-64/libssh2-1.11.1-hed3591d_0.conda
      - conda: https://conda.anaconda.org/conda-forge/osx-64/libzlib-1.3.1-hd23fc13_2.conda
      - conda: https://conda.anaconda.org/conda-forge/osx-64/llvm-openmp-21.1.8-h472b3d1_0.conda
      - conda: https://conda.anaconda.org/conda-forge/osx-64/llvmlite-0.46.0-py313h590e1ab_0.conda
      - conda: https://conda.anaconda.org/conda-forge/osx-64/ncurses-6.5-h0622a9a_3.conda
      - conda: https://conda.anaconda.org/conda-forge/osx-64/numba-0.63.1-py313hd3f9b42_0.conda
      - conda: https://conda.anaconda.org/conda-forge/osx-64/numpy-2.3.5-py313hf1665ba_1.conda
      - conda: https://conda.anaconda.org/conda-forge/osx-64/openssl-3.6.1-hb6871ef_1.conda
      - conda: https://conda.anaconda.org/conda-forge/osx-64/pandas-3.0.0-py313h4810d26_0.conda
      - conda: https://conda.anaconda.org/bioconda/osx-64/pysam-0.23.3-py313h41e7dfc_1.tar.bz2
      - conda: https://conda.anaconda.org/conda-forge/osx-64/python-3.13.11-h17c18a5_101_cp313.conda
      - conda: https://conda.anaconda.org/conda-forge/noarch/python-dateutil-2.9.0.post0-pyhe01879c_2.conda
      - conda: https://conda.anaconda.org/conda-forge/noarch/python_abi-3.13-8_cp313.conda
      - conda: https://conda.anaconda.org/conda-forge/osx-64/readline-8.3-h68b038d_0.conda
      - conda: https://conda.anaconda.org/conda-forge/osx-64/scipy-1.17.0-py313h2bd7e7a_1.conda
      - conda: https://conda.anaconda.org/conda-forge/noarch/six-1.17.0-pyhe01879c_1.conda
      - conda: https://conda.anaconda.org/conda-forge/osx-64/tk-8.6.13-h7142dee_3.conda
      - conda: https://conda.anaconda.org/conda-forge/noarch/tzdata-2025c-hc9c84f9_1.conda
      - conda: https://conda.anaconda.org/conda-forge/osx-64/zstd-1.5.7-h3eecb57_6.conda
      - pypi: ./
packages:
- conda: https://conda.anaconda.org/conda-forge/linux-64/_libgcc_mutex-0.1-conda_forge.tar.bz2
  sha256: fe51de6107f9edc7aa4f786a70f4a883943bc9d39b3bb7307c04c41410990726
  md5: d7c89558ba9fa0495403155b64376d81
  license: None
  purls: []
  size: 2562
  timestamp: 1578324546067
- conda: https://conda.anaconda.org/conda-forge/linux-64/_openmp_mutex-4.5-2_gnu.tar.bz2
  build_number: 16
  sha256: fbe2c5e56a653bebb982eda4876a9178aedfc2b545f25d0ce9c4c0b508253d22
  md5: 73aaf86a425cc6e73fcf236a5a46396d
  depends:
  - _libgcc_mutex 0.1 conda_forge
  - libgomp >=7.5.0
  constrains:
  - openmp_impl 9999
  license: BSD-3-Clause
  license_family: BSD
  purls: []
  size: 23621
  timestamp: 1650670423406
- conda: https://conda.anaconda.org/conda-forge/osx-64/_openmp_mutex-4.5-7_kmp_llvm.conda
  build_number: 7
  sha256: 30006902a9274de8abdad5a9f02ef7c8bb3d69a503486af0c1faee30b023e5b7
  md5: eaac87c21aff3ed21ad9656697bb8326
  depends:
  - llvm-openmp >=9.0.1
  license: BSD-3-Clause
  license_family: BSD
  purls: []
  size: 8328
  timestamp: 1764092562779
- conda: https://conda.anaconda.org/conda-forge/linux-64/bzip2-1.0.8-hda65f42_8.conda
  sha256: c30daba32ddebbb7ded490f0e371eae90f51e72db620554089103b4a6934b0d5
  md5: 51a19bba1b8ebfb60df25cde030b7ebc
  depends:
  - __glibc >=2.17,<3.0.a0
  - libgcc >=14
  license: bzip2-1.0.6
  license_family: BSD
  purls: []
  size: 260341
  timestamp: 1757437258798
- conda: https://conda.anaconda.org/conda-forge/osx-64/bzip2-1.0.8-h500dc9f_8.conda
  sha256: 8f50b58efb29c710f3cecf2027a8d7325ba769ab10c746eff75cea3ac050b10c
  md5: 97c4b3bd8a90722104798175a1bdddbf
  depends:
  - __osx >=10.13
  license: bzip2-1.0.6
  license_family: BSD
  purls: []
  size: 132607
  timestamp: 1757437730085
- conda: https://conda.anaconda.org/conda-forge/linux-64/c-ares-1.34.6-hb03c661_0.conda
  sha256: cc9accf72fa028d31c2a038460787751127317dcfa991f8d1f1babf216bb454e
  md5: 920bb03579f15389b9e512095ad995b7
  depends:
  - __glibc >=2.17,<3.0.a0
  - libgcc >=14
  license: MIT
  license_family: MIT
  purls: []
  size: 207882
  timestamp: 1765214722852
- conda: https://conda.anaconda.org/conda-forge/osx-64/c-ares-1.34.6-hb5e19a0_0.conda
  sha256: 2f5bc0292d595399df0d168355b4e9820affc8036792d6984bd751fdda2bcaea
  md5: fc9a153c57c9f070bebaa7eef30a8f17
  depends:
  - __osx >=10.13
  license: MIT
  license_family: MIT
  purls: []
  size: 186122
  timestamp: 1765215100384
- conda: https://conda.anaconda.org/conda-forge/noarch/ca-certificates-2026.1.4-hbd8a1cb_0.conda
  sha256: b5974ec9b50e3c514a382335efa81ed02b05906849827a34061c496f4defa0b2
  md5: bddacf101bb4dd0e51811cb69c7790e2
  depends:
  - __unix
  license: ISC
  purls: []
  size: 146519
  timestamp: 1767500828366
- pypi: ./
  name: daiseg
  version: 0.1.0
  sha256: b5d52f317ed11fb15e07b3e4856dc79cfe86aa1c785987d0d860c3c883b12e46
  requires_python: '>=3.11'
- conda: https://conda.anaconda.org/conda-forge/linux-64/icu-78.2-h33c6efd_0.conda
  sha256: 142a722072fa96cf16ff98eaaf641f54ab84744af81754c292cb81e0881c0329
  md5: 186a18e3ba246eccfc7cff00cd19a870
  depends:
  - __glibc >=2.17,<3.0.a0
  - libgcc >=14
  - libstdcxx >=14
  license: MIT
  license_family: MIT
  purls: []
  size: 12728445
  timestamp: 1767969922681
- conda: https://conda.anaconda.org/conda-forge/linux-64/keyutils-1.6.3-hb9d3cd8_0.conda
  sha256: 0960d06048a7185d3542d850986d807c6e37ca2e644342dd0c72feefcf26c2a4
  md5: b38117a3c920364aff79f870c984b4a3
  depends:
  - __glibc >=2.17,<3.0.a0
  - libgcc >=13
  license: LGPL-2.1-or-later
  purls: []
  size: 134088
  timestamp: 1754905959823
- conda: https://conda.anaconda.org/conda-forge/linux-64/krb5-1.21.3-h659f571_0.conda
  sha256: 99df692f7a8a5c27cd14b5fb1374ee55e756631b9c3d659ed3ee60830249b238
  md5: 3f43953b7d3fb3aaa1d0d0723d91e368
  depends:
  - keyutils >=1.6.1,<2.0a0
  - libedit >=3.1.20191231,<3.2.0a0
  - libedit >=3.1.20191231,<4.0a0
  - libgcc-ng >=12
  - libstdcxx-ng >=12
  - openssl >=3.3.1,<4.0a0
  license: MIT
  license_family: MIT
  purls: []
  size: 1370023
  timestamp: 1719463201255
- conda: https://conda.anaconda.org/conda-forge/osx-64/krb5-1.21.3-h37d8d59_0.conda
  sha256: 83b52685a4ce542772f0892a0f05764ac69d57187975579a0835ff255ae3ef9c
  md5: d4765c524b1d91567886bde656fb514b
  depends:
  - __osx >=10.13
  - libcxx >=16
  - libedit >=3.1.20191231,<3.2.0a0
  - libedit >=3.1.20191231,<4.0a0
  - openssl >=3.3.1,<4.0a0
  license: MIT
  license_family: MIT
  purls: []
  size: 1185323
  timestamp: 1719463492984
- conda: https://conda.anaconda.org/conda-forge/linux-64/ld_impl_linux-64-2.45-default_hbd61a6d_105.conda
  sha256: 1027bd8aa0d5144e954e426ab6218fd5c14e54a98f571985675468b339c808ca
  md5: 3ec0aa5037d39b06554109a01e6fb0c6
  depends:
  - __glibc >=2.17,<3.0.a0
  - zstd >=1.5.7,<1.6.0a0
  constrains:
  - binutils_impl_linux-64 2.45
  license: GPL-3.0-only
  license_family: GPL
  purls: []
  size: 730831
  timestamp: 1766513089214
- conda: https://conda.anaconda.org/conda-forge/linux-64/libblas-3.11.0-5_h4a7cf45_openblas.conda
  build_number: 5
  sha256: 18c72545080b86739352482ba14ba2c4815e19e26a7417ca21a95b76ec8da24c
  md5: c160954f7418d7b6e87eaf05a8913fa9
  depends:
  - libopenblas >=0.3.30,<0.3.31.0a0
  - libopenblas >=0.3.30,<1.0a0
  constrains:
  - mkl <2026
  - liblapack  3.11.0   5*_openblas
  - libcblas   3.11.0   5*_openblas
  - blas 2.305   openblas
  - liblapacke 3.11.0   5*_openblas
  license: BSD-3-Clause
  license_family: BSD
  purls: []
  size: 18213
  timestamp: 1765818813880
- conda: https://conda.anaconda.org/conda-forge/osx-64/libblas-3.11.0-5_he492b99_openblas.conda
  build_number: 5
  sha256: 4754de83feafa6c0b41385f8dab1b13f13476232e16f524564a340871a9fc3bc
  md5: 36d2e68a156692cbae776b75d6ca6eae
  depends:
  - libopenblas >=0.3.30,<0.3.31.0a0
  - libopenblas >=0.3.30,<1.0a0
  constrains:
  - liblapack  3.11.0   5*_openblas
  - blas 2.305   openblas
  - libcblas   3.11.0   5*_openblas
  - mkl <2026
  - liblapacke 3.11.0   5*_openblas
  license: BSD-3-Clause
  license_family: BSD
  purls: []
  size: 18476
  timestamp: 1765819054657
- conda: https://conda.anaconda.org/conda-forge/linux-64/libcblas-3.11.0-5_h0358290_openblas.conda
  build_number: 5
  sha256: 0cbdcc67901e02dc17f1d19e1f9170610bd828100dc207de4d5b6b8ad1ae7ad8
  md5: 6636a2b6f1a87572df2970d3ebc87cc0
  depends:
  - libblas 3.11.0 5_h4a7cf45_openblas
  constrains:
  - liblapacke 3.11.0   5*_openblas
  - blas 2.305   openblas
  - liblapack  3.11.0   5*_openblas
  license: BSD-3-Clause
  license_family: BSD
  purls: []
  size: 18194
  timestamp: 1765818837135
- conda: https://conda.anaconda.org/conda-forge/osx-64/libcblas-3.11.0-5_h9b27e0a_openblas.conda
  build_number: 5
  sha256: 8077c29ea720bd152be6e6859a3765228cde51301fe62a3b3f505b377c2cb48c
  md5: b31d771cbccff686e01a687708a7ca41
  depends:
  - libblas 3.11.0 5_he492b99_openblas
  constrains:
  - liblapack  3.11.0   5*_openblas
  - blas 2.305   openblas
  - liblapacke 3.11.0   5*_openblas
  license: BSD-3-Clause
  license_family: BSD
  purls: []
  size: 18484
  timestamp: 1765819073006
- conda: https://conda.anaconda.org/conda-forge/linux-64/libcurl-8.18.0-h4e3cde8_0.conda
  sha256: 5454709d9fb6e9c3dd6423bc284fa7835a7823bfa8323f6e8786cdd555101fab
  md5: 0a5563efed19ca4461cf927419b6eb73
  depends:
  - __glibc >=2.17,<3.0.a0
  - krb5 >=1.21.3,<1.22.0a0
  - libgcc >=14
  - libnghttp2 >=1.67.0,<2.0a0
  - libssh2 >=1.11.1,<2.0a0
  - libzlib >=1.3.1,<2.0a0
  - openssl >=3.5.4,<4.0a0
  - zstd >=1.5.7,<1.6.0a0
  license: curl
  license_family: MIT
  purls: []
  size: 462942
  timestamp: 1767821743793
- conda: https://conda.anaconda.org/conda-forge/osx-64/libcurl-8.18.0-h9348e2b_0.conda
  sha256: 1a0af3b7929af3c5893ebf50161978f54ae0256abb9532d4efba2735a0688325
  md5: de1910529f64ba4a9ac9005e0be78601
  depends:
  - __osx >=10.13
  - krb5 >=1.21.3,<1.22.0a0
  - libnghttp2 >=1.67.0,<2.0a0
  - libssh2 >=1.11.1,<2.0a0
  - libzlib >=1.3.1,<2.0a0
  - openssl >=3.5.4,<4.0a0
  - zstd >=1.5.7,<1.6.0a0
  license: curl
  license_family: MIT
  purls: []
  size: 419089
  timestamp: 1767822218800
- conda: https://conda.anaconda.org/conda-forge/osx-64/libcxx-21.1.8-h3d58e20_1.conda
  sha256: facdc3861f2d9e8de3cb42cd5b32d56b2a3e0d957bf8e80641cedaf3ab2c7156
  md5: 7a582e52af3e0e495ba3ba9e1e87c7bb
  depends:
  - __osx >=10.13
  license: Apache-2.0 WITH LLVM-exception
  license_family: Apache
  purls: []
  size: 572248
  timestamp: 1769754786463
- conda: https://conda.anaconda.org/conda-forge/linux-64/libdeflate-1.25-h17f619e_0.conda
  sha256: aa8e8c4be9a2e81610ddf574e05b64ee131fab5e0e3693210c9d6d2fba32c680
  md5: 6c77a605a7a689d17d4819c0f8ac9a00
  depends:
  - __glibc >=2.17,<3.0.a0
  - libgcc >=14
  license: MIT
  license_family: MIT
  purls: []
  size: 73490
  timestamp: 1761979956660
- conda: https://conda.anaconda.org/conda-forge/osx-64/libdeflate-1.25-h517ebb2_0.conda
  sha256: 025f8b1e85dd8254e0ca65f011919fb1753070eb507f03bca317871a884d24de
  md5: 31aa65919a729dc48180893f62c25221
  depends:
  - __osx >=10.13
  license: MIT
  license_family: MIT
  purls: []
  size: 70840
  timestamp: 1761980008502
- conda: https://conda.anaconda.org/conda-forge/linux-64/libedit-3.1.20250104-pl5321h7949ede_0.conda
  sha256: d789471216e7aba3c184cd054ed61ce3f6dac6f87a50ec69291b9297f8c18724
  md5: c277e0a4d549b03ac1e9d6cbbe3d017b
  depends:
  - ncurses
  - __glibc >=2.17,<3.0.a0
  - libgcc >=13
  - ncurses >=6.5,<7.0a0
  license: BSD-2-Clause
  license_family: BSD
  purls: []
  size: 134676
  timestamp: 1738479519902
- conda: https://conda.anaconda.org/conda-forge/osx-64/libedit-3.1.20250104-pl5321ha958ccf_0.conda
  sha256: 6cc49785940a99e6a6b8c6edbb15f44c2dd6c789d9c283e5ee7bdfedd50b4cd6
  md5: 1f4ed31220402fcddc083b4bff406868
  depends:
  - ncurses
  - __osx >=10.13
  - ncurses >=6.5,<7.0a0
  license: BSD-2-Clause
  license_family: BSD
  purls: []
  size: 115563
  timestamp: 1738479554273
- conda: https://conda.anaconda.org/conda-forge/linux-64/libev-4.33-hd590300_2.conda
  sha256: 1cd6048169fa0395af74ed5d8f1716e22c19a81a8a36f934c110ca3ad4dd27b4
  md5: 172bf1cd1ff8629f2b1179945ed45055
  depends:
  - libgcc-ng >=12
  license: BSD-2-Clause
  license_family: BSD
  purls: []
  size: 112766
  timestamp: 1702146165126
- conda: https://conda.anaconda.org/conda-forge/osx-64/libev-4.33-h10d778d_2.conda
  sha256: 0d238488564a7992942aa165ff994eca540f687753b4f0998b29b4e4d030ff43
  md5: 899db79329439820b7e8f8de41bca902
  license: BSD-2-Clause
  license_family: BSD
  purls: []
  size: 106663
  timestamp: 1702146352558
- conda: https://conda.anaconda.org/conda-forge/linux-64/libexpat-2.7.3-hecca717_0.conda
  sha256: 1e1b08f6211629cbc2efe7a5bca5953f8f6b3cae0eeb04ca4dacee1bd4e2db2f
  md5: 8b09ae86839581147ef2e5c5e229d164
  depends:
  - __glibc >=2.17,<3.0.a0
  - libgcc >=14
  constrains:
  - expat 2.7.3.*
  license: MIT
  license_family: MIT
  purls: []
  size: 76643
  timestamp: 1763549731408
- conda: https://conda.anaconda.org/conda-forge/osx-64/libexpat-2.7.3-heffb93a_0.conda
  sha256: d11b3a6ce5b2e832f430fd112084533a01220597221bee16d6c7dc3947dffba6
  md5: 222e0732a1d0780a622926265bee14ef
  depends:
  - __osx >=10.13
  constrains:
  - expat 2.7.3.*
  license: MIT
  license_family: MIT
  purls: []
  size: 74058
  timestamp: 1763549886493
- conda: https://conda.anaconda.org/conda-forge/linux-64/libffi-3.5.2-h3435931_0.conda
  sha256: 31f19b6a88ce40ebc0d5a992c131f57d919f73c0b92cd1617a5bec83f6e961e6
  md5: a360c33a5abe61c07959e449fa1453eb
  depends:
  - __glibc >=2.17,<3.0.a0
  - libgcc >=14
  license: MIT
  license_family: MIT
  purls: []
  size: 58592
  timestamp: 1769456073053
- conda: https://conda.anaconda.org/conda-forge/osx-64/libffi-3.5.2-hd1f9c09_0.conda
  sha256: 951958d1792238006fdc6fce7f71f1b559534743b26cc1333497d46e5903a2d6
  md5: 66a0dc7464927d0853b590b6f53ba3ea
  depends:
  - __osx >=10.13
  license: MIT
  license_family: MIT
  purls: []
  size: 53583
  timestamp: 1769456300951
- conda: https://conda.anaconda.org/conda-forge/linux-64/libgcc-15.2.0-he0feb66_16.conda
  sha256: 6eed58051c2e12b804d53ceff5994a350c61baf117ec83f5f10c953a3f311451
  md5: 6d0363467e6ed84f11435eb309f2ff06
  depends:
  - __glibc >=2.17,<3.0.a0
  - _openmp_mutex >=4.5
  constrains:
  - libgcc-ng ==15.2.0=*_16
  - libgomp 15.2.0 he0feb66_16
  license: GPL-3.0-only WITH GCC-exception-3.1
  license_family: GPL
  purls: []
  size: 1042798
  timestamp: 1765256792743
- conda: https://conda.anaconda.org/conda-forge/osx-64/libgcc-15.2.0-h08519bb_15.conda
  sha256: e04b115ae32f8cbf95905971856ff557b296511735f4e1587b88abf519ff6fb8
  md5: c816665789d1e47cdfd6da8a81e1af64
  depends:
  - _openmp_mutex
  constrains:
  - libgomp 15.2.0 15
  - libgcc-ng ==15.2.0=*_15
  license: GPL-3.0-only WITH GCC-exception-3.1
  license_family: GPL
  purls: []
  size: 422960
  timestamp: 1764839601296
- conda: https://conda.anaconda.org/conda-forge/linux-64/libgcc-ng-15.2.0-h69a702a_16.conda
  sha256: 5f07f9317f596a201cc6e095e5fc92621afca64829785e483738d935f8cab361
  md5: 5a68259fac2da8f2ee6f7bfe49c9eb8b
  depends:
  - libgcc 15.2.0 he0feb66_16
  license: GPL-3.0-only WITH GCC-exception-3.1
  license_family: GPL
  purls: []
  size: 27256
  timestamp: 1765256804124
- conda: https://conda.anaconda.org/conda-forge/linux-64/libgfortran-15.2.0-h69a702a_16.conda
  sha256: 8a7b01e1ee1c462ad243524d76099e7174ebdd94ff045fe3e9b1e58db196463b
  md5: 40d9b534410403c821ff64f00d0adc22
  depends:
  - libgfortran5 15.2.0 h68bc16d_16
  constrains:
  - libgfortran-ng ==15.2.0=*_16
  license: GPL-3.0-only WITH GCC-exception-3.1
  license_family: GPL
  purls: []
  size: 27215
  timestamp: 1765256845586
- conda: https://conda.anaconda.org/conda-forge/osx-64/libgfortran-15.2.0-h7e5c614_15.conda
  sha256: 7bb4d51348e8f7c1a565df95f4fc2a2021229d42300aab8366eda0ea1af90587
  md5: a089323fefeeaba2ae60e1ccebf86ddc
  depends:
  - libgfortran5 15.2.0 hd16e46c_15
  constrains:
  - libgfortran-ng ==15.2.0=*_15
  license: GPL-3.0-only WITH GCC-exception-3.1
  license_family: GPL
  purls: []
  size: 139002
  timestamp: 1764839892631
- conda: https://conda.anaconda.org/conda-forge/linux-64/libgfortran5-15.2.0-h68bc16d_16.conda
  sha256: d0e974ebc937c67ae37f07a28edace978e01dc0f44ee02f29ab8a16004b8148b
  md5: 39183d4e0c05609fd65f130633194e37
  depends:
  - __glibc >=2.17,<3.0.a0
  - libgcc >=15.2.0
  constrains:
  - libgfortran 15.2.0
  license: GPL-3.0-only WITH GCC-exception-3.1
  license_family: GPL
  purls: []
  size: 2480559
  timestamp: 1765256819588
- conda: https://conda.anaconda.org/conda-forge/osx-64/libgfortran5-15.2.0-hd16e46c_15.conda
  sha256: 456385a7d3357d5fdfc8e11bf18dcdf71753c4016c440f92a2486057524dd59a
  md5: c2a6149bf7f82774a0118b9efef966dd
  depends:
  - libgcc >=15.2.0
  constrains:
  - libgfortran 15.2.0
  license: GPL-3.0-only WITH GCC-exception-3.1
  license_family: GPL
  purls: []
  size: 1061950
  timestamp: 1764839609607
- conda: https://conda.anaconda.org/conda-forge/linux-64/libgomp-15.2.0-he0feb66_16.conda
  sha256: 5b3e5e4e9270ecfcd48f47e3a68f037f5ab0f529ccb223e8e5d5ac75a58fc687
  md5: 26c46f90d0e727e95c6c9498a33a09f3
  depends:
  - __glibc >=2.17,<3.0.a0
  license: GPL-3.0-only WITH GCC-exception-3.1
  license_family: GPL
  purls: []
  size: 603284
  timestamp: 1765256703881
- conda: https://conda.anaconda.org/conda-forge/linux-64/liblapack-3.11.0-5_h47877c9_openblas.conda
  build_number: 5
  sha256: c723b6599fcd4c6c75dee728359ef418307280fa3e2ee376e14e85e5bbdda053
  md5: b38076eb5c8e40d0106beda6f95d7609
  depends:
  - libblas 3.11.0 5_h4a7cf45_openblas
  constrains:
  - blas 2.305   openblas
  - liblapacke 3.11.0   5*_openblas
  - libcblas   3.11.0   5*_openblas
  license: BSD-3-Clause
  license_family: BSD
  purls: []
  size: 18200
  timestamp: 1765818857876
- conda: https://conda.anaconda.org/conda-forge/osx-64/liblapack-3.11.0-5_h859234e_openblas.conda
  build_number: 5
  sha256: 2c915fe2b3d806d4b82776c882ba66ba3e095e9e2c41cc5c3375bffec6bddfdc
  md5: eb5b1c25d4ac30813a6ca950a58710d6
  depends:
  - libblas 3.11.0 5_he492b99_openblas
  constrains:
  - libcblas   3.11.0   5*_openblas
  - blas 2.305   openblas
  - liblapacke 3.11.0   5*_openblas
  license: BSD-3-Clause
  license_family: BSD
  purls: []
  size: 18491
  timestamp: 1765819090240
- conda: https://conda.anaconda.org/conda-forge/linux-64/liblzma-5.8.2-hb03c661_0.conda
  sha256: 755c55ebab181d678c12e49cced893598f2bab22d582fbbf4d8b83c18be207eb
  md5: c7c83eecbb72d88b940c249af56c8b17
  depends:
  - __glibc >=2.17,<3.0.a0
  - libgcc >=14
  constrains:
  - xz 5.8.2.*
  license: 0BSD
  purls: []
  size: 113207
  timestamp: 1768752626120
- conda: https://conda.anaconda.org/conda-forge/osx-64/liblzma-5.8.2-h11316ed_0.conda
  sha256: 7ab3c98abd3b5d5ec72faa8d9f5d4b50dcee4970ed05339bc381861199dabb41
  md5: 688a0c3d57fa118b9c97bf7e471ab46c
  depends:
  - __osx >=10.13
  constrains:
  - xz 5.8.2.*
  license: 0BSD
  purls: []
  size: 105482
  timestamp: 1768753411348
- conda: https://conda.anaconda.org/conda-forge/linux-64/libmpdec-4.0.0-hb03c661_1.conda
  sha256: fe171ed5cf5959993d43ff72de7596e8ac2853e9021dec0344e583734f1e0843
  md5: 2c21e66f50753a083cbe6b80f38268fa
  depends:
  - __glibc >=2.17,<3.0.a0
  - libgcc >=14
  license: BSD-2-Clause
  license_family: BSD
  purls: []
  size: 92400
  timestamp: 1769482286018
- conda: https://conda.anaconda.org/conda-forge/osx-64/libmpdec-4.0.0-hf3981d6_1.conda
  sha256: 1096c740109386607938ab9f09a7e9bca06d86770a284777586d6c378b8fb3fd
  md5: ec88ba8a245855935b871a7324373105
  depends:
  - __osx >=10.13
  license: BSD-2-Clause
  license_family: BSD
  purls: []
  size: 79899
  timestamp: 1769482558610
- conda: https://conda.anaconda.org/conda-forge/linux-64/libnghttp2-1.67.0-had1ee68_0.conda
  sha256: a4a7dab8db4dc81c736e9a9b42bdfd97b087816e029e221380511960ac46c690
  md5: b499ce4b026493a13774bcf0f4c33849
  depends:
  - __glibc >=2.17,<3.0.a0
  - c-ares >=1.34.5,<2.0a0
  - libev >=4.33,<4.34.0a0
  - libev >=4.33,<5.0a0
  - libgcc >=14
  - libstdcxx >=14
  - libzlib >=1.3.1,<2.0a0
  - openssl >=3.5.2,<4.0a0
  license: MIT
  license_family: MIT
  purls: []
  size: 666600
  timestamp: 1756834976695
- conda: https://conda.anaconda.org/conda-forge/osx-64/libnghttp2-1.67.0-h3338091_0.conda
  sha256: c48d7e1cc927aef83ff9c48ae34dd1d7495c6ccc1edc4a3a6ba6aff1624be9ac
  md5: e7630cef881b1174d40f3e69a883e55f
  depends:
  - __osx >=10.13
  - c-ares >=1.34.5,<2.0a0
  - libcxx >=19
  - libev >=4.33,<4.34.0a0
  - libev >=4.33,<5.0a0
  - libzlib >=1.3.1,<2.0a0
  - openssl >=3.5.2,<4.0a0
  license: MIT
  license_family: MIT
  purls: []
  size: 605680
  timestamp: 1756835898134
- conda: https://conda.anaconda.org/conda-forge/linux-64/libopenblas-0.3.30-pthreads_h94d23a6_4.conda
  sha256: 199d79c237afb0d4780ccd2fbf829cea80743df60df4705202558675e07dd2c5
  md5: be43915efc66345cccb3c310b6ed0374
  depends:
  - __glibc >=2.17,<3.0.a0
  - libgcc >=14
  - libgfortran
  - libgfortran5 >=14.3.0
  constrains:
  - openblas >=0.3.30,<0.3.31.0a0
  license: BSD-3-Clause
  license_family: BSD
  purls: []
  size: 5927939
  timestamp: 1763114673331
- conda: https://conda.anaconda.org/conda-forge/osx-64/libopenblas-0.3.30-openmp_h6006d49_4.conda
  sha256: ba642353f7f41ab2d2eb6410fbe522238f0f4483bcd07df30b3222b4454ee7cd
  md5: 9241a65e6e9605e4581a2a8005d7f789
  depends:
  - __osx >=10.13
  - libgfortran
  - libgfortran5 >=14.3.0
  - llvm-openmp >=19.1.7
  constrains:
  - openblas >=0.3.30,<0.3.31.0a0
  license: BSD-3-Clause
  license_family: BSD
  purls: []
  size: 6268795
  timestamp: 1763117623665
- conda: https://conda.anaconda.org/conda-forge/linux-64/libsqlite-3.51.2-hf4e2dac_0.conda
  sha256: 04596fcee262a870e4b7c9807224680ff48d4d0cc0dac076a602503d3dc6d217
  md5: da5be73701eecd0e8454423fd6ffcf30
  depends:
  - __glibc >=2.17,<3.0.a0
  - icu >=78.2,<79.0a0
  - libgcc >=14
  - libzlib >=1.3.1,<2.0a0
  license: blessing
  purls: []
  size: 942808
  timestamp: 1768147973361
- conda: https://conda.anaconda.org/conda-forge/osx-64/libsqlite-3.51.2-hb99441e_0.conda
  sha256: 710a7ea27744199023c92e66ad005de7f8db9cf83f10d5a943d786f0dac53b7c
  md5: d910105ce2b14dfb2b32e92ec7653420
  depends:
  - __osx >=10.13
  - libzlib >=1.3.1,<2.0a0
  license: blessing
  purls: []
  size: 987506
  timestamp: 1768148247615
- conda: https://conda.anaconda.org/conda-forge/linux-64/libssh2-1.11.1-hcf80075_0.conda
  sha256: fa39bfd69228a13e553bd24601332b7cfeb30ca11a3ca50bb028108fe90a7661
  md5: eecce068c7e4eddeb169591baac20ac4
  depends:
  - __glibc >=2.17,<3.0.a0
  - libgcc >=13
  - libzlib >=1.3.1,<2.0a0
  - openssl >=3.5.0,<4.0a0
  license: BSD-3-Clause
  license_family: BSD
  purls: []
  size: 304790
  timestamp: 1745608545575
- conda: https://conda.anaconda.org/conda-forge/osx-64/libssh2-1.11.1-hed3591d_0.conda
  sha256: 00654ba9e5f73aa1f75c1f69db34a19029e970a4aeb0fa8615934d8e9c369c3c
  md5: a6cb15db1c2dc4d3a5f6cf3772e09e81
  depends:
  - __osx >=10.13
  - libzlib >=1.3.1,<2.0a0
  - openssl >=3.5.0,<4.0a0
  license: BSD-3-Clause
  license_family: BSD
  purls: []
  size: 284216
  timestamp: 1745608575796
- conda: https://conda.anaconda.org/conda-forge/linux-64/libstdcxx-15.2.0-h934c35e_16.conda
  sha256: 813427918316a00c904723f1dfc3da1bbc1974c5cfe1ed1e704c6f4e0798cbc6
  md5: 68f68355000ec3f1d6f26ea13e8f525f
  depends:
  - __glibc >=2.17,<3.0.a0
  - libgcc 15.2.0 he0feb66_16
  constrains:
  - libstdcxx-ng ==15.2.0=*_16
  license: GPL-3.0-only WITH GCC-exception-3.1
  license_family: GPL
  purls: []
  size: 5856456
  timestamp: 1765256838573
- conda: https://conda.anaconda.org/conda-forge/linux-64/libstdcxx-ng-15.2.0-hdf11a46_16.conda
  sha256: 81f2f246c7533b41c5e0c274172d607829019621c4a0823b5c0b4a8c7028ee84
  md5: 1b3152694d236cf233b76b8c56bf0eae
  depends:
  - libstdcxx 15.2.0 h934c35e_16
  license: GPL-3.0-only WITH GCC-exception-3.1
  license_family: GPL
  purls: []
  size: 27300
  timestamp: 1765256885128
- conda: https://conda.anaconda.org/conda-forge/linux-64/libuuid-2.41.3-h5347b49_0.conda
  sha256: 1a7539cfa7df00714e8943e18de0b06cceef6778e420a5ee3a2a145773758aee
  md5: db409b7c1720428638e7c0d509d3e1b5
  depends:
  - __glibc >=2.17,<3.0.a0
  - libgcc >=14
  license: BSD-3-Clause
  license_family: BSD
  purls: []
  size: 40311
  timestamp: 1766271528534
- conda: https://conda.anaconda.org/conda-forge/linux-64/libzlib-1.3.1-hb9d3cd8_2.conda
  sha256: d4bfe88d7cb447768e31650f06257995601f89076080e76df55e3112d4e47dc4
  md5: edb0dca6bc32e4f4789199455a1dbeb8
  depends:
  - __glibc >=2.17,<3.0.a0
  - libgcc >=13
  constrains:
  - zlib 1.3.1 *_2
  license: Zlib
  license_family: Other
  purls: []
  size: 60963
  timestamp: 1727963148474
- conda: https://conda.anaconda.org/conda-forge/osx-64/libzlib-1.3.1-hd23fc13_2.conda
  sha256: 8412f96504fc5993a63edf1e211d042a1fd5b1d51dedec755d2058948fcced09
  md5: 003a54a4e32b02f7355b50a837e699da
  depends:
  - __osx >=10.13
  constrains:
  - zlib 1.3.1 *_2
  license: Zlib
  license_family: Other
  purls: []
  size: 57133
  timestamp: 1727963183990
- conda: https://conda.anaconda.org/conda-forge/osx-64/llvm-openmp-21.1.8-h472b3d1_0.conda
  sha256: 2a41885f44cbc1546ff26369924b981efa37a29d20dc5445b64539ba240739e6
  md5: e2d811e9f464dd67398b4ce1f9c7c872
  depends:
  - __osx >=10.13
  constrains:
  - openmp 21.1.8|21.1.8.*
  - intel-openmp <0.0a0
  license: Apache-2.0 WITH LLVM-exception
  license_family: APACHE
  purls: []
  size: 311405
  timestamp: 1765965194247
- conda: https://conda.anaconda.org/conda-forge/linux-64/llvmlite-0.46.0-py313hdd307be_0.conda
  sha256: 0e1bc6ee1c7885cc26c37fcd1a2095169a4e4e148860c600d3f685b6a4f32322
  md5: d99ac09b331711fd12e16323ca8d96e4
  depends:
  - __glibc >=2.17,<3.0.a0
  - libgcc >=14
  - libstdcxx >=14
  - libzlib >=1.3.1,<2.0a0
  - python >=3.13,<3.14.0a0
  - python_abi 3.13.* *_cp313
  - zstd >=1.5.7,<1.6.0a0
  license: BSD-2-Clause
  license_family: BSD
  purls:
  - pkg:pypi/llvmlite?source=hash-mapping
  size: 34130706
  timestamp: 1765280056189
- conda: https://conda.anaconda.org/conda-forge/osx-64/llvmlite-0.46.0-py313h590e1ab_0.conda
  sha256: f1549261f0f2f24c2dd2c7a613b465c0c3e4e1158c43a72224c228aa0b5cb76f
  md5: ab9fe8b3937e90b22a18554c3d961e97
  depends:
  - __osx >=10.13
  - libcxx >=19
  - libzlib >=1.3.1,<2.0a0
  - python >=3.13,<3.14.0a0
  - python_abi 3.13.* *_cp313
  - zstd >=1.5.7,<1.6.0a0
  license: BSD-2-Clause
  license_family: BSD
  purls:
  - pkg:pypi/llvmlite?source=hash-mapping
  size: 26010458
  timestamp: 1765280511277
- conda: https://conda.anaconda.org/conda-forge/linux-64/ncurses-6.5-h2d0b736_3.conda
  sha256: 3fde293232fa3fca98635e1167de6b7c7fda83caf24b9d6c91ec9eefb4f4d586
  md5: 47e340acb35de30501a76c7c799c41d7
  depends:
  - __glibc >=2.17,<3.0.a0
  - libgcc >=13
  license: X11 AND BSD-3-Clause
  purls: []
  size: 891641
  timestamp: 1738195959188
- conda: https://conda.anaconda.org/conda-forge/osx-64/ncurses-6.5-h0622a9a_3.conda
  sha256: ea4a5d27ded18443749aefa49dc79f6356da8506d508b5296f60b8d51e0c4bd9
  md5: ced34dd9929f491ca6dab6a2927aff25
  depends:
  - __osx >=10.13
  license: X11 AND BSD-3-Clause
  purls: []
  size: 822259
  timestamp: 1738196181298
- conda: https://conda.anaconda.org/conda-forge/linux-64/numba-0.63.1-py313h5dce7c4_0.conda
  sha256: 3ceba93570814df69969edff3156097dc0e86ccefa2ea2bdfe08f84b2023cf04
  md5: dbdae1a85bb346d57fae63269def955a
  depends:
  - __glibc >=2.17,<3.0.a0
  - _openmp_mutex >=4.5
  - libgcc >=14
  - libstdcxx >=14
  - llvmlite >=0.46.0,<0.47.0a0
  - numpy >=1.22.3,<2.4
  - numpy >=1.23,<3
  - python >=3.13,<3.14.0a0
  - python_abi 3.13.* *_cp313
  constrains:
  - cudatoolkit >=11.2
  - cuda-python >=11.6
  - libopenblas !=0.3.6
  - tbb >=2021.6.0
  - cuda-version >=11.2
  - scipy >=1.0
  license: BSD-2-Clause
  license_family: BSD
  purls:
  - pkg:pypi/numba?source=hash-mapping
  size: 5761715
  timestamp: 1765466811957
- conda: https://conda.anaconda.org/conda-forge/osx-64/numba-0.63.1-py313hd3f9b42_0.conda
  sha256: 5d883cbc0147fc460219750f248221839f31ae66f5eeaacac9903753dc018c60
  md5: 6f4b1341edb126722ece084e2c382c6a
  depends:
  - __osx >=10.13
  - libcxx >=19
  - llvm-openmp >=19.1.7
  - llvm-openmp >=21.1.7
  - llvmlite >=0.46.0,<0.47.0a0
  - numpy >=1.22.3,<2.4
  - numpy >=1.23,<3
  - python >=3.13,<3.14.0a0
  - python_abi 3.13.* *_cp313
  constrains:
  - cudatoolkit >=11.2
  - cuda-version >=11.2
  - tbb >=2021.6.0
  - scipy >=1.0
  - cuda-python >=11.6
  - libopenblas !=0.3.6
  license: BSD-2-Clause
  license_family: BSD
  purls:
  - pkg:pypi/numba?source=hash-mapping
  size: 5724311
  timestamp: 1765466972923
- conda: https://conda.anaconda.org/conda-forge/linux-64/numpy-2.3.5-py313hf6604e3_1.conda
  sha256: 2f8aff2a17e4d43012e9863ef4392e6d5de3ae9da0c3e322831f8c5c3d86df71
  md5: dce261869f78ba9b81b9091b084d328d
  depends:
  - python
  - libgcc >=14
  - libstdcxx >=14
  - __glibc >=2.17,<3.0.a0
  - python_abi 3.13.* *_cp313
  - libcblas >=3.9.0,<4.0a0
  - liblapack >=3.9.0,<4.0a0
  - libblas >=3.9.0,<4.0a0
  constrains:
  - numpy-base <0a0
  license: BSD-3-Clause
  license_family: BSD
  purls:
  - pkg:pypi/numpy?source=hash-mapping
  size: 8919234
  timestamp: 1766383469748
- conda: https://conda.anaconda.org/conda-forge/osx-64/numpy-2.3.5-py313hf1665ba_1.conda
  sha256: 7878ba3143d53638a39b702f0d55af1d4dcbb123eda09d98ca4e3637ef6d151b
  md5: 90fa3a86c16cfb708e35733b731ad5fd
  depends:
  - python
  - libcxx >=19
  - __osx >=10.13
  - libcblas >=3.9.0,<4.0a0
  - libblas >=3.9.0,<4.0a0
  - liblapack >=3.9.0,<4.0a0
  - python_abi 3.13.* *_cp313
  constrains:
  - numpy-base <0a0
  license: BSD-3-Clause
  license_family: BSD
  purls:
  - pkg:pypi/numpy?source=hash-mapping
  size: 8083480
  timestamp: 1766383286176
- conda: https://conda.anaconda.org/conda-forge/linux-64/openssl-3.6.1-h35e630c_1.conda
  sha256: 44c877f8af015332a5d12f5ff0fb20ca32f896526a7d0cdb30c769df1144fb5c
  md5: f61eb8cd60ff9057122a3d338b99c00f
  depends:
  - __glibc >=2.17,<3.0.a0
  - ca-certificates
  - libgcc >=14
  license: Apache-2.0
  license_family: Apache
  purls: []
  size: 3164551
  timestamp: 1769555830639
- conda: https://conda.anaconda.org/conda-forge/osx-64/openssl-3.6.1-hb6871ef_1.conda
  sha256: e02e5639b0e4d6d4fcf0f3b082642844fb5a37316f5b0a1126c6271347462e90
  md5: 30bb8d08b99b9a7600d39efb3559fff0
  depends:
  - __osx >=10.13
  - ca-certificates
  license: Apache-2.0
  license_family: Apache
  purls: []
  size: 2777136
  timestamp: 1769557662405
- conda: https://conda.anaconda.org/conda-forge/linux-64/pandas-3.0.0-py313hbfd7664_0.conda
  sha256: 05719fdfacdf97206a901621d79ab103c34905973ec8a18627825d5adab7a1b0
  md5: ab6d05e915ab2ae4c41d275b14592151
  depends:
  - python
  - numpy >=1.26.0
  - python-dateutil >=2.8.2
  - __glibc >=2.17,<3.0.a0
  - libstdcxx >=14
  - libgcc >=14
  - python_abi 3.13.* *_cp313
  - numpy >=1.23,<3
  constrains:
  - adbc-driver-postgresql >=1.2.0
  - adbc-driver-sqlite >=1.2.0
  - beautifulsoup4 >=4.12.3
  - blosc >=1.21.3
  - bottleneck >=1.4.2
  - fastparquet >=2024.11.0
  - fsspec >=2024.10.0
  - gcsfs >=2024.10.0
  - html5lib >=1.1
  - hypothesis >=6.116.0
  - jinja2 >=3.1.5
  - lxml >=5.3.0
  - matplotlib >=3.9.3
  - numba >=0.60.0
  - numexpr >=2.10.2
  - odfpy >=1.4.1
  - openpyxl >=3.1.5
  - psycopg2 >=2.9.10
  - pyarrow >=13.0.0
  - pyiceberg >=0.8.1
  - pymysql >=1.1.1
  - pyqt5 >=5.15.9
  - pyreadstat >=1.2.8
  - pytables >=3.10.1
  - pytest >=8.3.4
  - pytest-xdist >=3.6.1
  - python-calamine >=0.3.0
  - pytz >=2024.2
  - pyxlsb >=1.0.10
  - qtpy >=2.4.2
  - scipy >=1.14.1
  - s3fs >=2024.10.0
  - sqlalchemy >=2.0.36
  - tabulate >=0.9.0
  - xarray >=2024.10.0
  - xlrd >=2.0.1
  - xlsxwriter >=3.2.0
  - zstandard >=0.23.0
  license: BSD-3-Clause
  license_family: BSD
  purls:
  - pkg:pypi/pandas?source=hash-mapping
  size: 14952243
  timestamp: 1769076307505
- conda: https://conda.anaconda.org/conda-forge/osx-64/pandas-3.0.0-py313h4810d26_0.conda
  sha256: 87694301760b22b76cac17253bd579c65962d553be05a98718614f296b16d605
  md5: c23196474aa5d19c20d37d03ef8a5973
  depends:
  - python
  - numpy >=1.26.0
  - python-dateutil >=2.8.2
  - __osx >=10.13
  - libcxx >=19
  - python_abi 3.13.* *_cp313
  - numpy >=1.23,<3
  constrains:
  - adbc-driver-postgresql >=1.2.0
  - adbc-driver-sqlite >=1.2.0
  - beautifulsoup4 >=4.12.3
  - blosc >=1.21.3
  - bottleneck >=1.4.2
  - fastparquet >=2024.11.0
  - fsspec >=2024.10.0
  - gcsfs >=2024.10.0
  - html5lib >=1.1
  - hypothesis >=6.116.0
  - jinja2 >=3.1.5
  - lxml >=5.3.0
  - matplotlib >=3.9.3
  - numba >=0.60.0
  - numexpr >=2.10.2
  - odfpy >=1.4.1
  - openpyxl >=3.1.5
  - psycopg2 >=2.9.10
  - pyarrow >=13.0.0
  - pyiceberg >=0.8.1
  - pymysql >=1.1.1
  - pyqt5 >=5.15.9
  - pyreadstat >=1.2.8
  - pytables >=3.10.1
  - pytest >=8.3.4
  - pytest-xdist >=3.6.1
  - python-calamine >=0.3.0
  - pytz >=2024.2
  - pyxlsb >=1.0.10
  - qtpy >=2.4.2
  - scipy >=1.14.1
  - s3fs >=2024.10.0
  - sqlalchemy >=2.0.36
  - tabulate >=0.9.0
  - xarray >=2024.10.0
  - xlrd >=2.0.1
  - xlsxwriter >=3.2.0
  - zstandard >=0.23.0
  license: BSD-3-Clause
  license_family: BSD
  purls:
  - pkg:pypi/pandas?source=hash-mapping
  size: 14233411
  timestamp: 1769076449135
- conda: https://conda.anaconda.org/bioconda/linux-64/pysam-0.23.3-py313h7c062c9_1.tar.bz2
  sha256: e7112de9a721456a7e1f236d5a120dba5dfeb2caab09cf0e8a46bbd1d93204d7
  md5: 5cfbdb688371d1299de9989b44f5ec1c
  depends:
  - bzip2 >=1.0.8,<2.0a0
  - libcurl >=8.14.1,<9.0a0
  - libdeflate >=1.22,<1.26.0a0
  - libgcc >=13
  - liblzma >=5.8.1,<6.0a0
  - libzlib >=1.3.1,<2.0a0
  - openssl >=3.5.1,<4.0a0
  - python >=3.13,<3.14.0a0
  - python_abi 3.13.* *_cp313
  license: MIT
  size: 4925573
  timestamp: 1752862232677
- conda: https://conda.anaconda.org/bioconda/osx-64/pysam-0.23.3-py313h41e7dfc_1.tar.bz2
  sha256: b75b0b5ad79b5034b7becd32bf1c193715337c9e9153c04e8d68df62ef847bf2
  md5: 1b817755b901a3f84530cc0e8894fc01
  depends:
  - bzip2 >=1.0.8,<2.0a0
  - libcurl >=8.14.1,<9.0a0
  - libdeflate >=1.22,<1.26.0a0
  - liblzma >=5.8.1,<6.0a0
  - libzlib >=1.3.1,<2.0a0
  - python >=3.13,<3.14.0a0
  - python_abi 3.13.* *_cp313
  license: MIT
  size: 4390725
  timestamp: 1752864592737
- conda: https://conda.anaconda.org/conda-forge/linux-64/python-3.13.11-hc97d973_101_cp313.conda
  build_number: 101
  sha256: c9625638f32f4ee27a506e8cefc56a78110c4c54867663f56d91dc721df9dc7f
  md5: aa23b675b860f2566af2dfb3ffdf3b8c
  depends:
  - __glibc >=2.17,<3.0.a0
  - bzip2 >=1.0.8,<2.0a0
  - ld_impl_linux-64 >=2.36.1
  - libexpat >=2.7.3,<3.0a0
  - libffi >=3.5.2,<3.6.0a0
  - libgcc >=14
  - liblzma >=5.8.2,<6.0a0
  - libmpdec >=4.0.0,<5.0a0
  - libsqlite >=3.51.2,<4.0a0
  - libuuid >=2.41.3,<3.0a0
  - libzlib >=1.3.1,<2.0a0
  - ncurses >=6.5,<7.0a0
  - openssl >=3.5.4,<4.0a0
  - python_abi 3.13.* *_cp313
  - readline >=8.3,<9.0a0
  - tk >=8.6.13,<8.7.0a0
  - tzdata
  license: Python-2.0
  purls: []
  size: 37170676
  timestamp: 1769473304794
  python_site_packages_path: lib/python3.13/site-packages
- conda: https://conda.anaconda.org/conda-forge/osx-64/python-3.13.11-h17c18a5_101_cp313.conda
  build_number: 101
  sha256: e4b1ce43f1bbe9bbda604fe465f07131e568ba1877ac2562c3148bb13c4bfe79
  md5: aa0e1db83fc31e7c5281337b4207a5cb
  depends:
  - __osx >=10.13
  - bzip2 >=1.0.8,<2.0a0
  - libexpat >=2.7.3,<3.0a0
  - libffi >=3.5.2,<3.6.0a0
  - liblzma >=5.8.2,<6.0a0
  - libmpdec >=4.0.0,<5.0a0
  - libsqlite >=3.51.2,<4.0a0
  - libzlib >=1.3.1,<2.0a0
  - ncurses >=6.5,<7.0a0
  - openssl >=3.5.4,<4.0a0
  - python_abi 3.13.* *_cp313
  - readline >=8.3,<9.0a0
  - tk >=8.6.13,<8.7.0a0
  - tzdata
  license: Python-2.0
  purls: []
  size: 17530878
  timestamp: 1769473237113
  python_site_packages_path: lib/python3.13/site-packages
- conda: https://conda.anaconda.org/conda-forge/noarch/python-dateutil-2.9.0.post0-pyhe01879c_2.conda
  sha256: d6a17ece93bbd5139e02d2bd7dbfa80bee1a4261dced63f65f679121686bf664
  md5: 5b8d21249ff20967101ffa321cab24e8
  depends:
  - python >=3.9
  - six >=1.5
  - python
  license: Apache-2.0
  license_family: APACHE
  purls:
  - pkg:pypi/python-dateutil?source=hash-mapping
  size: 233310
  timestamp: 1751104122689
- conda: https://conda.anaconda.org/conda-forge/noarch/python_abi-3.13-8_cp313.conda
  build_number: 8
  sha256: 210bffe7b121e651419cb196a2a63687b087497595c9be9d20ebe97dd06060a7
  md5: 94305520c52a4aa3f6c2b1ff6008d9f8
  constrains:
  - python 3.13.* *_cp313
  license: BSD-3-Clause
  license_family: BSD
  purls: []
  size: 7002
  timestamp: 1752805902938
- conda: https://conda.anaconda.org/conda-forge/linux-64/readline-8.3-h853b02a_0.conda
  sha256: 12ffde5a6f958e285aa22c191ca01bbd3d6e710aa852e00618fa6ddc59149002
  md5: d7d95fc8287ea7bf33e0e7116d2b95ec
  depends:
  - __glibc >=2.17,<3.0.a0
  - libgcc >=14
  - ncurses >=6.5,<7.0a0
  license: GPL-3.0-only
  license_family: GPL
  purls: []
  size: 345073
  timestamp: 1765813471974
- conda: https://conda.anaconda.org/conda-forge/osx-64/readline-8.3-h68b038d_0.conda
  sha256: 4614af680aa0920e82b953fece85a03007e0719c3399f13d7de64176874b80d5
  md5: eefd65452dfe7cce476a519bece46704
  depends:
  - __osx >=10.13
  - ncurses >=6.5,<7.0a0
  license: GPL-3.0-only
  license_family: GPL
  purls: []
  size: 317819
  timestamp: 1765813692798
- conda: https://conda.anaconda.org/conda-forge/linux-64/scipy-1.17.0-py313h4b8bb8b_1.conda
  sha256: e812ebe8115f8daf005f5788ed8f05a0fdabe47eeb4c30bf0a190f2d1d1da0b6
  md5: 2b18fe5b4b2d1611ddf8c2f080a46563
  depends:
  - __glibc >=2.17,<3.0.a0
  - libblas >=3.9.0,<4.0a0
  - libcblas >=3.9.0,<4.0a0
  - libgcc >=14
  - libgfortran
  - libgfortran5 >=14.3.0
  - liblapack >=3.9.0,<4.0a0
  - libstdcxx >=14
  - numpy <2.7
  - numpy >=1.23,<3
  - numpy >=1.25.2
  - python >=3.13,<3.14.0a0
  - python_abi 3.13.* *_cp313
  license: BSD-3-Clause
  license_family: BSD
  purls:
  - pkg:pypi/scipy?source=compressed-mapping
  size: 16857028
  timestamp: 1768801011489
- conda: https://conda.anaconda.org/conda-forge/osx-64/scipy-1.17.0-py313h2bd7e7a_1.conda
  sha256: c30ec7d0e2571f6f2ddaddf3eb64e0e2e16e58c0a4f724f2ee2b894e0ce1a8e4
  md5: 076afc646e5b800ab4adece0310795db
  depends:
  - __osx >=10.13
  - libblas >=3.9.0,<4.0a0
  - libcblas >=3.9.0,<4.0a0
  - libcxx >=19
  - libgfortran
  - libgfortran5 >=14.3.0
  - liblapack >=3.9.0,<4.0a0
  - numpy <2.7
  - numpy >=1.23,<3
  - numpy >=1.25.2
  - python >=3.13,<3.14.0a0
  - python_abi 3.13.* *_cp313
  license: BSD-3-Clause
  license_family: BSD
  purls:
  - pkg:pypi/scipy?source=hash-mapping
  size: 15299524
  timestamp: 1768800867425
- conda: https://conda.anaconda.org/conda-forge/noarch/six-1.17.0-pyhe01879c_1.conda
  sha256: 458227f759d5e3fcec5d9b7acce54e10c9e1f4f4b7ec978f3bfd54ce4ee9853d
  md5: 3339e3b65d58accf4ca4fb8748ab16b3
  depends:
  - python >=3.9
  - python
  license: MIT
  license_family: MIT
  purls:
  - pkg:pypi/six?source=hash-mapping
  size: 18455
  timestamp: 1753199211006
- conda: https://conda.anaconda.org/conda-forge/linux-64/tk-8.6.13-noxft_h366c992_103.conda
  sha256: cafeec44494f842ffeca27e9c8b0c27ed714f93ac77ddadc6aaf726b5554ebac
  md5: cffd3bdd58090148f4cfcd831f4b26ab
  depends:
  - __glibc >=2.17,<3.0.a0
  - libgcc >=14
  - libzlib >=1.3.1,<2.0a0
  constrains:
  - xorg-libx11 >=1.8.12,<2.0a0
  license: TCL
  license_family: BSD
  purls: []
  size: 3301196
  timestamp: 1769460227866
- conda: https://conda.anaconda.org/conda-forge/osx-64/tk-8.6.13-h7142dee_3.conda
  sha256: 7f0d9c320288532873e2d8486c331ec6d87919c9028208d3f6ac91dc8f99a67b
  md5: 6e6efb7463f8cef69dbcb4c2205bf60e
  depends:
  - __osx >=10.13
  - libzlib >=1.3.1,<2.0a0
  license: TCL
  license_family: BSD
  purls: []
  size: 3282953
  timestamp: 1769460532442
- conda: https://conda.anaconda.org/conda-forge/noarch/tzdata-2025c-hc9c84f9_1.conda
  sha256: 1d30098909076af33a35017eed6f2953af1c769e273a0626a04722ac4acaba3c
  md5: ad659d0a2b3e47e38d829aa8cad2d610
  license: LicenseRef-Public-Domain
  purls: []
  size: 119135
  timestamp: 1767016325805
- conda: https://conda.anaconda.org/conda-forge/linux-64/zstd-1.5.7-hb78ec9c_6.conda
  sha256: 68f0206ca6e98fea941e5717cec780ed2873ffabc0e1ed34428c061e2c6268c7
  md5: 4a13eeac0b5c8e5b8ab496e6c4ddd829
  depends:
  - __glibc >=2.17,<3.0.a0
  - libzlib >=1.3.1,<2.0a0
  license: BSD-3-Clause
  license_family: BSD
  purls: []
  size: 601375
  timestamp: 1764777111296
- conda: https://conda.anaconda.org/conda-forge/osx-64/zstd-1.5.7-h3eecb57_6.conda
  sha256: 47101a4055a70a4876ffc87b750ab2287b67eca793f21c8224be5e1ee6394d3f
  md5: 727109b184d680772e3122f40136d5ca
  depends:
  - __osx >=10.13
  - libzlib >=1.3.1,<2.0a0
  license: BSD-3-Clause
  license_family: BSD
  purls: []
  size: 528148
  timestamp: 1764777156963
